
Microsoft Visual Studio Solution File, Format Version 12.00
# Visual Studio Version 17
VisualStudioVersion = 17.14.36121.58 d17.14
MinimumVisualStudioVersion = 10.0.40219.1
Project("{FAE04EC0-301F-11D3-BF4B-00C04F79EFBC}") = "ITP4915M System", "ITP4915M System\ITP4915M System.csproj", "{7CCC32A4-11AB-4FF0-B83F-09A5CE53AAA2}"
EndProject
Global
	GlobalSection(SolutionConfigurationPlatforms) = preSolution
		Debug|Any CPU = Debug|Any CPU
		Release|Any CPU = Release|Any CPU
	EndGlobalSection
	GlobalSection(ProjectConfigurationPlatforms) = postSolution
		{7CCC32A4-11AB-4FF0-B83F-09A5CE53AAA2}.Debug|Any CPU.ActiveCfg = Debug|Any CPU
		{7CCC32A4-11AB-4FF0-B83F-09A5CE53AAA2}.Debug|Any CPU.Build.0 = Debug|Any CPU
		{7CCC32A4-11AB-4FF0-B83F-09A5CE53AAA2}.Release|Any CPU.ActiveCfg = Release|Any CPU
		{7CCC32A4-11AB-4FF0-B83F-09A5CE53AAA2}.Release|Any CPU.Build.0 = Release|Any CPU
	EndGlobalSection
	GlobalSection(SolutionProperties) = preSolution
		HideSolutionNode = FALSE
	EndGlobalSection
	GlobalSection(ExtensibilityGlobals) = postSolution
		SolutionGuid = {5221AA43-8933-4C60-B8BD-86ED6148337C}
	EndGlobalSection
EndGlobal
